
Microsoft Visual Studio Solution File, Format Version 12.00
# Visual Studio Version 16
VisualStudioVersion = 16.0.30804.86
MinimumVisualStudioVersion = 10.0.40219.1
Project("{FAE04EC0-301F-11D3-BF4B-00C04F79EFBC}") = "VolkovConsoleApplication", "VolkovConsoleApplication\VolkovConsoleApplication.csproj", "{4DAAA112-37C3-4E75-A94D-9F674B6ABCCE}"
EndProject
Global
	GlobalSection(SolutionConfigurationPlatforms) = preSolution
		Debug|Any CPU = Debug|Any CPU
		Release|Any CPU = Release|Any CPU
	EndGlobalSection
	GlobalSection(ProjectConfigurationPlatforms) = postSolution
		{4DAAA112-37C3-4E75-A94D-9F674B6ABCCE}.Debug|Any CPU.ActiveCfg = Debug|Any CPU
		{4DAAA112-37C3-4E75-A94D-9F674B6ABCCE}.Debug|Any CPU.Build.0 = Debug|Any CPU
		{4DAAA112-37C3-4E75-A94D-9F674B6ABCCE}.Release|Any CPU.ActiveCfg = Release|Any CPU
		{4DAAA112-37C3-4E75-A94D-9F674B6ABCCE}.Release|Any CPU.Build.0 = Release|Any CPU
	EndGlobalSection
	GlobalSection(SolutionProperties) = preSolution
		HideSolutionNode = FALSE
	EndGlobalSection
	GlobalSection(ExtensibilityGlobals) = postSolution
		SolutionGuid = {2D86FC4D-E047-483F-92F6-CEC8F7507FB0}
	EndGlobalSection
EndGlobal
